# Generated by pub
# See https://dart.dev/tools/pub/glossary#lockfile
sdk: ">=2.12.0 <3.0.0"
packages:
  analyzer:
    dependency: "direct main"
    description:
      name: analyzer
      url: "https://pub.dartlang.org"
    source: hosted
    version: "1.7.1"
    dependencies:
      args: "2.1.1"
  args:
    dependency: transitive
    description:
      name: args
      url: "https://pub.dartlang.org"
    source: hosted
    version: "2.1.1"
  http:
    dependency: "direct dev"
    description:
      name: http
      url: "https://pub.dartlang.org"
    source: hosted
    version: "0.13.3"
    dependencies:
      path: "1.8.0"
  path:
    dependency: transitive
    description:
      path: "../pub_dartdoc_data"
      relative: true
    source: path
    version: "0.0.0"
