# This file is generated by running "yarn install" inside your project.
# Manual changes might be lost - proceed with caution!

__metadata:
  version: 6
  cacheKey: 8c0

"lodash@patch:^4.17.21":
  version: 4.17.21
  resolution: "lodash@patch:lodash@npm%3A4.17.21#~builtin<compat/lodash>"
  checksum: test
  languageName: node
  linkType: hard
  bin:
    lodash: bin/lodash.js
  dependenciesMeta:
    fsevents:
      optional: true
