# This file is generated by running "yarn install"
__metadata:
  version: 6
  invalid: "unclosed quote
  bad_indent:  this is wrong
    too many spaces

"express@npm:4.18.2":
  version: 4.18.2
  resolution: "express@npm:4.18.2"
  checksum: invalid[checksum
  languageName: node
  linkType: hard
  dependencies:
    body-parser: ^1.20.0
    invalid_yaml: [unclosed bracket
