{
  "name": "test-nested-dups",
  "version": "1.0.0",
  "lockfileVersion": 2,
  "requires": true,
  "packages": {
    "": {
      "name": "test-nested-dups",
      "version": "1.0.0",
      "dependencies": {
        "foo": "1.0.0",
        "bar": "1.0.0"
      }
    },
    "node_modules/foo": {
      "version": "1.0.0",
      "resolved": "https://registry.npmjs.org/foo/-/foo-1.0.0.tgz",
      "integrity": "sha512-abcd1234"
    },
    "node_modules/bar": {
      "version": "1.0.0",
      "resolved": "https://registry.npmjs.org/bar/-/bar-1.0.0.tgz",
      "integrity": "sha512-efgh5678",
      "dependencies": {
        "foo": "1.0.0"
      }
    },
    "node_modules/bar/node_modules/foo": {
      "version": "1.0.0",
      "resolved": "https://registry.npmjs.org/foo/-/foo-1.0.0.tgz",
      "integrity": "sha512-abcd1234"
    }
  },
  "dependencies": {
    "foo": {
      "version": "1.0.0",
      "resolved": "https://registry.npmjs.org/foo/-/foo-1.0.0.tgz",
      "integrity": "sha512-abcd1234"
    },
    "bar": {
      "version": "1.0.0",
      "resolved": "https://registry.npmjs.org/bar/-/bar-1.0.0.tgz",
      "integrity": "sha512-efgh5678",
      "requires": {
        "foo": "1.0.0"
      },
      "dependencies": {
        "foo": {
          "version": "1.0.0",
          "resolved": "https://registry.npmjs.org/foo/-/foo-1.0.0.tgz",
          "integrity": "sha512-abcd1234"
        }
      }
    }
  }
}
